// !$*UTF8*$!
{
	archiveVersion = 1;
	classes = {
	};
	objectVersion = 50;
	objects = {

/* Begin PBXBuildFile section */
		4AF854CD22C0106E009DE6F8 /* AppDelegate.swift in Sources */ = {isa = PBXBuildFile; fileRef = 4AF854CC22C0106E009DE6F8 /* AppDelegate.swift */; };
		4AF854CF22C0106E009DE6F8 /* ViewController.swift in Sources */ = {isa = PBXBuildFile; fileRef = 4AF854CE22C0106E009DE6F8 /* ViewController.swift */; };
		4AF854D222C0106E009DE6F8 /* Main.storyboard in Resources */ = {isa = PBXBuildFile; fileRef = 4AF854D022C0106E009DE6F8 /* Main.storyboard */; };
		4AF854D422C01070009DE6F8 /* Assets.xcassets in Resources */ = {isa = PBXBuildFile; fileRef = 4AF854D322C0106F009DE6F8 /* Assets.xcassets */; };
		4AF854D722C01070009DE6F8 /* LaunchScreen.storyboard in Resources */ = {isa = PBXBuildFile; fileRef = 4AF854D522C01070009DE6F8 /* LaunchScreen.storyboard */; };
		4AF854E222C01070009DE6F8 /* PMTabBarControllerTestAppTests.swift in Sources */ = {isa = PBXBuildFile; fileRef = 4AF854E122C01070009DE6F8 /* PMTabBarControllerTestAppTests.swift */; };
/* End PBXBuildFile section */

/* Begin PBXContainerItemProxy section */
		4AF854DE22C01070009DE6F8 /* PBXContainerItemProxy */ = {
			isa = PBXContainerItemProxy;
			containerPortal = 4AF854C122C0106E009DE6F8 /* Project object */;
			proxyType = 1;
			remoteGlobalIDString = 4AF854C822C0106E009DE6F8;
			remoteInfo = PMTabBarControllerTestApp;
		};
/* End PBXContainerItemProxy section */

/* Begin PBXFileReference section */
		4AF854C922C0106E009DE6F8 /* PMTabBarControllerTestApp.app */ = {isa = PBXFileReference; explicitFileType = wrapper.application; includeInIndex = 0; path = PMTabBarControllerTestApp.app; sourceTree = BUILT_PRODUCTS_DIR; };
		4AF854CC22C0106E009DE6F8 /* AppDelegate.swift */ = {isa = PBXFileReference; lastKnownFileType = sourcecode.swift; path = AppDelegate.swift; sourceTree = "<group>"; };
		4AF854CE22C0106E009DE6F8 /* ViewController.swift */ = {isa = PBXFileReference; lastKnownFileType = sourcecode.swift; path = ViewController.swift; sourceTree = "<group>"; };
		4AF854D122C0106E009DE6F8 /* Base */ = {isa = PBXFileReference; lastKnownFileType = file.storyboard; name = Base; path = Base.lproj/Main.storyboard; sourceTree = "<group>"; };
		4AF854D322C0106F009DE6F8 /* Assets.xcassets */ = {isa = PBXFileReference; lastKnownFileType = folder.assetcatalog; path = Assets.xcassets; sourceTree = "<group>"; };
		4AF854D622C01070009DE6F8 /* Base */ = {isa = PBXFileReference; lastKnownFileType = file.storyboard; name = Base; path = Base.lproj/LaunchScreen.storyboard; sourceTree = "<group>"; };
		4AF854D822C01070009DE6F8 /* Info.plist */ = {isa = PBXFileReference; lastKnownFileType = text.plist.xml; path = Info.plist; sourceTree = "<group>"; };
		4AF854DD22C01070009DE6F8 /* PMTabBarControllerTestAppTests.xctest */ = {isa = PBXFileReference; explicitFileType = wrapper.cfbundle; includeInIndex = 0; path = PMTabBarControllerTestAppTests.xctest; sourceTree = BUILT_PRODUCTS_DIR; };
		4AF854E122C01070009DE6F8 /* PMTabBarControllerTestAppTests.swift */ = {isa = PBXFileReference; lastKnownFileType = sourcecode.swift; path = PMTabBarControllerTestAppTests.swift; sourceTree = "<group>"; };
		4AF854E322C01070009DE6F8 /* Info.plist */ = {isa = PBXFileReference; lastKnownFileType = text.plist.xml; path = Info.plist; sourceTree = "<group>"; };
/* End PBXFileReference section */

/* Begin PBXFrameworksBuildPhase section */
		4AF854C622C0106E009DE6F8 /* Frameworks */ = {
			isa = PBXFrameworksBuildPhase;
			buildActionMask = 2147483647;
			files = (
			);
			runOnlyForDeploymentPostprocessing = 0;
		};
		4AF854DA22C01070009DE6F8 /* Frameworks */ = {
			isa = PBXFrameworksBuildPhase;
			buildActionMask = 2147483647;
			files = (
			);
			runOnlyForDeploymentPostprocessing = 0;
		};
/* End PBXFrameworksBuildPhase section */

/* Begin PBXGroup section */
		4AF854C022C0106E009DE6F8 = {
			isa = PBXGroup;
			children = (
				4AF854CB22C0106E009DE6F8 /* PMTabBarControllerTestApp */,
				4AF854E022C01070009DE6F8 /* PMTabBarControllerTestAppTests */,
				4AF854CA22C0106E009DE6F8 /* Products */,
			);
			sourceTree = "<group>";
		};
		4AF854CA22C0106E009DE6F8 /* Products */ = {
			isa = PBXGroup;
			children = (
				4AF854C922C0106E009DE6F8 /* PMTabBarControllerTestApp.app */,
				4AF854DD22C01070009DE6F8 /* PMTabBarControllerTestAppTests.xctest */,
			);
			name = Products;
			sourceTree = "<group>";
		};
		4AF854CB22C0106E009DE6F8 /* PMTabBarControllerTestApp */ = {
			isa = PBXGroup;
			children = (
				4AF854CC22C0106E009DE6F8 /* AppDelegate.swift */,
				4AF854CE22C0106E009DE6F8 /* ViewController.swift */,
				4AF854D022C0106E009DE6F8 /* Main.storyboard */,
				4AF854D322C0106F009DE6F8 /* Assets.xcassets */,
				4AF854D522C01070009DE6F8 /* LaunchScreen.storyboard */,
				4AF854D822C01070009DE6F8 /* Info.plist */,
			);
			path = PMTabBarControllerTestApp;
			sourceTree = "<group>";
		};
		4AF854E022C01070009DE6F8 /* PMTabBarControllerTestAppTests */ = {
			isa = PBXGroup;
			children = (
				4AF854E122C01070009DE6F8 /* PMTabBarControllerTestAppTests.swift */,
				4AF854E322C01070009DE6F8 /* Info.plist */,
			);
			path = PMTabBarControllerTestAppTests;
			sourceTree = "<group>";
		};
/* End PBXGroup section */

/* Begin PBXNativeTarget section */
		4AF854C822C0106E009DE6F8 /* PMTabBarControllerTestApp */ = {
			isa = PBXNativeTarget;
			buildConfigurationList = 4AF854E622C01070009DE6F8 /* Build configuration list for PBXNativeTarget "PMTabBarControllerTestApp" */;
			buildPhases = (
				4AF854C522C0106E009DE6F8 /* Sources */,
				4AF854C622C0106E009DE6F8 /* Frameworks */,
				4AF854C722C0106E009DE6F8 /* Resources */,
			);
			buildRules = (
			);
			dependencies = (
			);
			name = PMTabBarControllerTestApp;
			productName = PMTabBarControllerTestApp;
			productReference = 4AF854C922C0106E009DE6F8 /* PMTabBarControllerTestApp.app */;
			productType = "com.apple.product-type.application";
		};
		4AF854DC22C01070009DE6F8 /* PMTabBarControllerTestAppTests */ = {
			isa = PBXNativeTarget;
			buildConfigurationList = 4AF854E922C01070009DE6F8 /* Build configuration list for PBXNativeTarget "PMTabBarControllerTestAppTests" */;
			buildPhases = (
				4AF854D922C01070009DE6F8 /* Sources */,
				4AF854DA22C01070009DE6F8 /* Frameworks */,
				4AF854DB22C01070009DE6F8 /* Resources */,
			);
			buildRules = (
			);
			dependencies = (
				4AF854DF22C01070009DE6F8 /* PBXTargetDependency */,
			);
			name = PMTabBarControllerTestAppTests;
			productName = PMTabBarControllerTestAppTests;
			productReference = 4AF854DD22C01070009DE6F8 /* PMTabBarControllerTestAppTests.xctest */;
			productType = "com.apple.product-type.bundle.unit-test";
		};
/* End PBXNativeTarget section */

/* Begin PBXProject section */
		4AF854C122C0106E009DE6F8 /* Project object */ = {
			isa = PBXProject;
			attributes = {
				LastSwiftUpdateCheck = 1020;
				LastUpgradeCheck = 1020;
				ORGANIZATIONNAME = "Philip Martin";
				TargetAttributes = {
					4AF854C822C0106E009DE6F8 = {
						CreatedOnToolsVersion = 10.2.1;
					};
					4AF854DC22C01070009DE6F8 = {
						CreatedOnToolsVersion = 10.2.1;
						TestTargetID = 4AF854C822C0106E009DE6F8;
					};
				};
			};
			buildConfigurationList = 4AF854C422C0106E009DE6F8 /* Build configuration list for PBXProject "PMTabBarControllerTestApp" */;
			compatibilityVersion = "Xcode 9.3";
			developmentRegion = en;
			hasScannedForEncodings = 0;
			knownRegions = (
				en,
				Base,
			);
			mainGroup = 4AF854C022C0106E009DE6F8;
			productRefGroup = 4AF854CA22C0106E009DE6F8 /* Products */;
			projectDirPath = "";
			projectRoot = "";
			targets = (
				4AF854C822C0106E009DE6F8 /* PMTabBarControllerTestApp */,
				4AF854DC22C01070009DE6F8 /* PMTabBarControllerTestAppTests */,
			);
		};
/* End PBXProject section */

/* Begin PBXResourcesBuildPhase section */
		4AF854C722C0106E009DE6F8 /* Resources */ = {
			isa = PBXResourcesBuildPhase;
			buildActionMask = 2147483647;
			files = (
				4AF854D722C01070009DE6F8 /* LaunchScreen.storyboard in Resources */,
				4AF854D422C01070009DE6F8 /* Assets.xcassets in Resources */,
				4AF854D222C0106E009DE6F8 /* Main.storyboard in Resources */,
			);
			runOnlyForDeploymentPostprocessing = 0;
		};
		4AF854DB22C01070009DE6F8 /* Resources */ = {
			isa = PBXResourcesBuildPhase;
			buildActionMask = 2147483647;
			files = (
			);
			runOnlyForDeploymentPostprocessing = 0;
		};
/* End PBXResourcesBuildPhase section */

/* Begin PBXSourcesBuildPhase section */
		4AF854C522C0106E009DE6F8 /* Sources */ = {
			isa = PBXSourcesBuildPhase;
			buildActionMask = 2147483647;
			files = (
				4AF854CF22C0106E009DE6F8 /* ViewController.swift in Sources */,
				4AF854CD22C0106E009DE6F8 /* AppDelegate.swift in Sources */,
			);
			runOnlyForDeploymentPostprocessing = 0;
		};
		4AF854D922C01070009DE6F8 /* Sources */ = {
			isa = PBXSourcesBuildPhase;
			buildActionMask = 2147483647;
			files = (
				4AF854E222C01070009DE6F8 /* PMTabBarControllerTestAppTests.swift in Sources */,
			);
			runOnlyForDeploymentPostprocessing = 0;
		};
/* End PBXSourcesBuildPhase section */

/* Begin PBXTargetDependency section */
		4AF854DF22C01070009DE6F8 /* PBXTargetDependency */ = {
			isa = PBXTargetDependency;
			target = 4AF854C822C0106E009DE6F8 /* PMTabBarControllerTestApp */;
			targetProxy = 4AF854DE22C01070009DE6F8 /* PBXContainerItemProxy */;
		};
/* End PBXTargetDependency section */

/* Begin PBXVariantGroup section */
		4AF854D022C0106E009DE6F8 /* Main.storyboard */ = {
			isa = PBXVariantGroup;
			children = (
				4AF854D122C0106E009DE6F8 /* Base */,
			);
			name = Main.storyboard;
			sourceTree = "<group>";
		};
		4AF854D522C01070009DE6F8 /* LaunchScreen.storyboard */ = {
			isa = PBXVariantGroup;
			children = (
				4AF854D622C01070009DE6F8 /* Base */,
			);
			name = LaunchScreen.storyboard;
			sourceTree = "<group>";
		};
/* End PBXVariantGroup section */

/* Begin XCBuildConfiguration section */
		4AF854E422C01070009DE6F8 /* Debug */ = {
			isa = XCBuildConfiguration;
			buildSettings = {
				ALWAYS_SEARCH_USER_PATHS = NO;
				CLANG_ANALYZER_NONNULL = YES;
				CLANG_ANALYZER_NUMBER_OBJECT_CONVERSION = YES_AGGRESSIVE;
				CLANG_CXX_LANGUAGE_STANDARD = "gnu++14";
				CLANG_CXX_LIBRARY = "libc++";
				CLANG_ENABLE_MODULES = YES;
				CLANG_ENABLE_OBJC_ARC = YES;
				CLANG_ENABLE_OBJC_WEAK = YES;
				CLANG_WARN_BLOCK_CAPTURE_AUTORELEASING = YES;
				CLANG_WARN_BOOL_CONVERSION = YES;
				CLANG_WARN_COMMA = YES;
				CLANG_WARN_CONSTANT_CONVERSION = YES;
				CLANG_WARN_DEPRECATED_OBJC_IMPLEMENTATIONS = YES;
				CLANG_WARN_DIRECT_OBJC_ISA_USAGE = YES_ERROR;
				CLANG_WARN_DOCUMENTATION_COMMENTS = YES;
				CLANG_WARN_EMPTY_BODY = YES;
				CLANG_WARN_ENUM_CONVERSION = YES;
				CLANG_WARN_INFINITE_RECURSION = YES;
				CLANG_WARN_INT_CONVERSION = YES;
				CLANG_WARN_NON_LITERAL_NULL_CONVERSION = YES;
				CLANG_WARN_OBJC_IMPLICIT_RETAIN_SELF = YES;
				CLANG_WARN_OBJC_LITERAL_CONVERSION = YES;
				CLANG_WARN_OBJC_ROOT_CLASS = YES_ERROR;
				CLANG_WARN_RANGE_LOOP_ANALYSIS = YES;
				CLANG_WARN_STRICT_PROTOTYPES = YES;
				CLANG_WARN_SUSPICIOUS_MOVE = YES;
				CLANG_WARN_UNGUARDED_AVAILABILITY = YES_AGGRESSIVE;
				CLANG_WARN_UNREACHABLE_CODE = YES;
				CLANG_WARN__DUPLICATE_METHOD_MATCH = YES;
				CODE_SIGN_IDENTITY = "iPhone Developer";
				COPY_PHASE_STRIP = NO;
				DEBUG_INFORMATION_FORMAT = dwarf;
				ENABLE_STRICT_OBJC_MSGSEND = YES;
				ENABLE_TESTABILITY = YES;
				GCC_C_LANGUAGE_STANDARD = gnu11;
				GCC_DYNAMIC_NO_PIC = NO;
				GCC_NO_COMMON_BLOCKS = YES;
				GCC_OPTIMIZATION_LEVEL = 0;
				GCC_PREPROCESSOR_DEFINITIONS = (
					"DEBUG=1",
					"$(inherited)",
				);
				GCC_WARN_64_TO_32_BIT_CONVERSION = YES;
				GCC_WARN_ABOUT_RETURN_TYPE = YES_ERROR;
				GCC_WARN_UNDECLARED_SELECTOR = YES;
				GCC_WARN_UNINITIALIZED_AUTOS = YES_AGGRESSIVE;
				GCC_WARN_UNUSED_FUNCTION = YES;
				GCC_WARN_UNUSED_VARIABLE = YES;
				IPHONEOS_DEPLOYMENT_TARGET = 12.2;
				MTL_ENABLE_DEBUG_INFO = INCLUDE_SOURCE;
				MTL_FAST_MATH = YES;
				ONLY_ACTIVE_ARCH = YES;
				SDKROOT = iphoneos;
				SWIFT_ACTIVE_COMPILATION_CONDITIONS = DEBUG;
				SWIFT_OPTIMIZATION_LEVEL = "-Onone";
			};
			name = Debug;
		};
		4AF854E522C01070009DE6F8 /* Release */ = {
			isa = XCBuildConfiguration;
			buildSettings = {
				ALWAYS_SEARCH_USER_PATHS = NO;
				CLANG_ANALYZER_NONNULL = YES;
				CLANG_ANALYZER_NUMBER_OBJECT_CONVERSION = YES_AGGRESSIVE;
				CLANG_CXX_LANGUAGE_STANDARD = "gnu++14";
				CLANG_CXX_LIBRARY = "libc++";
				CLANG_ENABLE_MODULES = YES;
				CLANG_ENABLE_OBJC_ARC = YES;
				CLANG_ENABLE_OBJC_WEAK = YES;
				CLANG_WARN_BLOCK_CAPTURE_AUTORELEASING = YES;
				CLANG_WARN_BOOL_CONVERSION = YES;
				CLANG_WARN_COMMA = YES;
				CLANG_WARN_CONSTANT_CONVERSION = YES;
				CLANG_WARN_DEPRECATED_OBJC_IMPLEMENTATIONS = YES;
				CLANG_WARN_DIRECT_OBJC_ISA_USAGE = YES_ERROR;
				CLANG_WARN_DOCUMENTATION_COMMENTS = YES;
				CLANG_WARN_EMPTY_BODY = YES;
				CLANG_WARN_ENUM_CONVERSION = YES;
				CLANG_WARN_INFINITE_RECURSION = YES;
				CLANG_WARN_INT_CONVERSION = YES;
				CLANG_WARN_NON_LITERAL_NULL_CONVERSION = YES;
				CLANG_WARN_OBJC_IMPLICIT_RETAIN_SELF = YES;
				CLANG_WARN_OBJC_LITERAL_CONVERSION = YES;
				CLANG_WARN_OBJC_ROOT_CLASS = YES_ERROR;
				CLANG_WARN_RANGE_LOOP_ANALYSIS = YES;
				CLANG_WARN_STRICT_PROTOTYPES = YES;
				CLANG_WARN_SUSPICIOUS_MOVE = YES;
				CLANG_WARN_UNGUARDED_AVAILABILITY = YES_AGGRESSIVE;
				CLANG_WARN_UNREACHABLE_CODE = YES;
				CLANG_WARN__DUPLICATE_METHOD_MATCH = YES;
				CODE_SIGN_IDENTITY = "iPhone Developer";
				COPY_PHASE_STRIP = NO;
				DEBUG_INFORMATION_FORMAT = "dwarf-with-dsym";
				ENABLE_NS_ASSERTIONS = NO;
				ENABLE_STRICT_OBJC_MSGSEND = YES;
				GCC_C_LANGUAGE_STANDARD = gnu11;
				GCC_NO_COMMON_BLOCKS = YES;
				GCC_WARN_64_TO_32_BIT_CONVERSION = YES;
				GCC_WARN_ABOUT_RETURN_TYPE = YES_ERROR;
				GCC_WARN_UNDECLARED_SELECTOR = YES;
				GCC_WARN_UNINITIALIZED_AUTOS = YES_AGGRESSIVE;
				GCC_WARN_UNUSED_FUNCTION = YES;
				GCC_WARN_UNUSED_VARIABLE = YES;
				IPHONEOS_DEPLOYMENT_TARGET = 12.2;
				MTL_ENABLE_DEBUG_INFO = NO;
				MTL_FAST_MATH = YES;
				SDKROOT = iphoneos;
				SWIFT_COMPILATION_MODE = wholemodule;
				SWIFT_OPTIMIZATION_LEVEL = "-O";
				VALIDATE_PRODUCT = YES;
			};
			name = Release;
		};
		4AF854E722C01070009DE6F8 /* Debug */ = {
			isa = XCBuildConfiguration;
			buildSettings = {
				ASSETCATALOG_COMPILER_APPICON_NAME = AppIcon;
				CODE_SIGN_STYLE = Automatic;
				DEVELOPMENT_TEAM = 877F6QXPAM;
				INFOPLIST_FILE = PMTabBarControllerTestApp/Info.plist;
				LD_RUNPATH_SEARCH_PATHS = (
					"$(inherited)",
					"@executable_path/Frameworks",
				);
				PRODUCT_BUNDLE_IDENTIFIER = com.martinphil.PMTabBarControllerTestApp;
				PRODUCT_NAME = "$(TARGET_NAME)";
				SWIFT_VERSION = 5.0;
				TARGETED_DEVICE_FAMILY = "1,2";
			};
			name = Debug;
		};
		4AF854E822C01070009DE6F8 /* Release */ = {
			isa = XCBuildConfiguration;
			buildSettings = {
				ASSETCATALOG_COMPILER_APPICON_NAME = AppIcon;
				CODE_SIGN_STYLE = Automatic;
				DEVELOPMENT_TEAM = 877F6QXPAM;
				INFOPLIST_FILE = PMTabBarControllerTestApp/Info.plist;
				LD_RUNPATH_SEARCH_PATHS = (
					"$(inherited)",
					"@executable_path/Frameworks",
				);
				PRODUCT_BUNDLE_IDENTIFIER = com.martinphil.PMTabBarControllerTestApp;
				PRODUCT_NAME = "$(TARGET_NAME)";
				SWIFT_VERSION = 5.0;
				TARGETED_DEVICE_FAMILY = "1,2";
			};
			name = Release;
		};
		4AF854EA22C01070009DE6F8 /* Debug */ = {
			isa = XCBuildConfiguration;
			buildSettings = {
				ALWAYS_EMBED_SWIFT_STANDARD_LIBRARIES = YES;
				BUNDLE_LOADER = "$(TEST_HOST)";
				CODE_SIGN_STYLE = Automatic;
				DEVELOPMENT_TEAM = 877F6QXPAM;
				INFOPLIST_FILE = PMTabBarControllerTestAppTests/Info.plist;
				LD_RUNPATH_SEARCH_PATHS = (
					"$(inherited)",
					"@executable_path/Frameworks",
					"@loader_path/Frameworks",
				);
				PRODUCT_BUNDLE_IDENTIFIER = com.martinphil.PMTabBarControllerTestAppTests;
				PRODUCT_NAME = "$(TARGET_NAME)";
				SWIFT_VERSION = 5.0;
				TARGETED_DEVICE_FAMILY = "1,2";
				TEST_HOST = "$(BUILT_PRODUCTS_DIR)/PMTabBarControllerTestApp.app/PMTabBarControllerTestApp";
			};
			name = Debug;
		};
		4AF854EB22C01070009DE6F8 /* Release */ = {
			isa = XCBuildConfiguration;
			buildSettings = {
				ALWAYS_EMBED_SWIFT_STANDARD_LIBRARIES = YES;
				BUNDLE_LOADER = "$(TEST_HOST)";
				CODE_SIGN_STYLE = Automatic;
				DEVELOPMENT_TEAM = 877F6QXPAM;
				INFOPLIST_FILE = PMTabBarControllerTestAppTests/Info.plist;
				LD_RUNPATH_SEARCH_PATHS = (
					"$(inherited)",
					"@executable_path/Frameworks",
					"@loader_path/Frameworks",
				);
				PRODUCT_BUNDLE_IDENTIFIER = com.martinphil.PMTabBarControllerTestAppTests;
				PRODUCT_NAME = "$(TARGET_NAME)";
				SWIFT_VERSION = 5.0;
				TARGETED_DEVICE_FAMILY = "1,2";
				TEST_HOST = "$(BUILT_PRODUCTS_DIR)/PMTabBarControllerTestApp.app/PMTabBarControllerTestApp";
			};
			name = Release;
		};
/* End XCBuildConfiguration section */

/* Begin XCConfigurationList section */
		4AF854C422C0106E009DE6F8 /* Build configuration list for PBXProject "PMTabBarControllerTestApp" */ = {
			isa = XCConfigurationList;
			buildConfigurations = (
				4AF854E422C01070009DE6F8 /* Debug */,
				4AF854E522C01070009DE6F8 /* Release */,
			);
			defaultConfigurationIsVisible = 0;
			defaultConfigurationName = Release;
		};
		4AF854E622C01070009DE6F8 /* Build configuration list for PBXNativeTarget "PMTabBarControllerTestApp" */ = {
			isa = XCConfigurationList;
			buildConfigurations = (
				4AF854E722C01070009DE6F8 /* Debug */,
				4AF854E822C01070009DE6F8 /* Release */,
			);
			defaultConfigurationIsVisible = 0;
			defaultConfigurationName = Release;
		};
		4AF854E922C01070009DE6F8 /* Build configuration list for PBXNativeTarget "PMTabBarControllerTestAppTests" */ = {
			isa = XCConfigurationList;
			buildConfigurations = (
				4AF854EA22C01070009DE6F8 /* Debug */,
				4AF854EB22C01070009DE6F8 /* Release */,
			);
			defaultConfigurationIsVisible = 0;
			defaultConfigurationName = Release;
		};
/* End XCConfigurationList section */
	};
	rootObject = 4AF854C122C0106E009DE6F8 /* Project object */;
}
